
Microsoft Visual Studio Solution File, Format Version 12.00
Project("{FAE04EC0-301F-11D3-BF4B-00C04F79EFBC}") = "RentFinder", "RentFinder\RentFinder.csproj", "{9003BAB4-4448-472F-8C3A-D9169452A8E0}"
EndProject
Global
	GlobalSection(SolutionConfigurationPlatforms) = preSolution
		Debug|Any CPU = Debug|Any CPU
		Release|Any CPU = Release|Any CPU
	EndGlobalSection
	GlobalSection(ProjectConfigurationPlatforms) = postSolution
		{9003BAB4-4448-472F-8C3A-D9169452A8E0}.Debug|Any CPU.ActiveCfg = Debug|Any CPU
		{9003BAB4-4448-472F-8C3A-D9169452A8E0}.Debug|Any CPU.Build.0 = Debug|Any CPU
		{9003BAB4-4448-472F-8C3A-D9169452A8E0}.Release|Any CPU.ActiveCfg = Release|Any CPU
		{9003BAB4-4448-472F-8C3A-D9169452A8E0}.Release|Any CPU.Build.0 = Release|Any CPU
	EndGlobalSection
EndGlobal
